// !$*UTF8*$!
{
	archiveVersion = 1;
	classes = {
	};
	objectVersion = 56;
	objects = {

/* Begin PBXBuildFile section */
		1514917B2A07EA3500782D84 /* DishListTableViewCell.swift in Sources */ = {isa = PBXBuildFile; fileRef = 151491792A07EA3500782D84 /* DishListTableViewCell.swift */; };
		1514917C2A07EA3500782D84 /* DishListTableViewCell.xib in Resources */ = {isa = PBXBuildFile; fileRef = 1514917A2A07EA3500782D84 /* DishListTableViewCell.xib */; };
		1514917F2A07F0D000782D84 /* ListDishesViewController.swift in Sources */ = {isa = PBXBuildFile; fileRef = 1514917E2A07F0D000782D84 /* ListDishesViewController.swift */; };
		151491822A094C1600782D84 /* ListOrdersViewController.swift in Sources */ = {isa = PBXBuildFile; fileRef = 151491812A094C1600782D84 /* ListOrdersViewController.swift */; };
		151491842A094EF400782D84 /* Order.swift in Sources */ = {isa = PBXBuildFile; fileRef = 151491832A094EF400782D84 /* Order.swift */; };
		151491872A0963F600782D84 /* NetworkManager.swift in Sources */ = {isa = PBXBuildFile; fileRef = 151491862A0963F600782D84 /* NetworkManager.swift */; };
		151491892A0965CB00782D84 /* Route.swift in Sources */ = {isa = PBXBuildFile; fileRef = 151491882A0965CB00782D84 /* Route.swift */; };
		1514918B2A0967B800782D84 /* Method.swift in Sources */ = {isa = PBXBuildFile; fileRef = 1514918A2A0967B800782D84 /* Method.swift */; };
		1514918D2A09F75B00782D84 /* AppError.swift in Sources */ = {isa = PBXBuildFile; fileRef = 1514918C2A09F75B00782D84 /* AppError.swift */; };
		1514918F2A0C169400782D84 /* ApiResponse.swift in Sources */ = {isa = PBXBuildFile; fileRef = 1514918E2A0C169400782D84 /* ApiResponse.swift */; };
		15489BEA2A02078900AE1031 /* HomeViewController.swift in Sources */ = {isa = PBXBuildFile; fileRef = 15489BE92A02078900AE1031 /* HomeViewController.swift */; };
		15489BEE2A02105400AE1031 /* CategoryCollectionViewCell.swift in Sources */ = {isa = PBXBuildFile; fileRef = 15489BEC2A02105400AE1031 /* CategoryCollectionViewCell.swift */; };
		15489BEF2A02105400AE1031 /* CategoryCollectionViewCell.xib in Resources */ = {isa = PBXBuildFile; fileRef = 15489BED2A02105400AE1031 /* CategoryCollectionViewCell.xib */; };
		15489BF12A02178D00AE1031 /* DishСategory.swift in Sources */ = {isa = PBXBuildFile; fileRef = 15489BF02A02178D00AE1031 /* DishСategory.swift */; };
		15489BF32A0263E900AE1031 /* String+Extension.swift in Sources */ = {isa = PBXBuildFile; fileRef = 15489BF22A0263E900AE1031 /* String+Extension.swift */; };
		15489BF62A02BA1000AE1031 /* CardView.swift in Sources */ = {isa = PBXBuildFile; fileRef = 15489BF52A02BA1000AE1031 /* CardView.swift */; };
		1552F5AA2A042A200004B5A7 /* DishLandscapeCollectionViewCell.swift in Sources */ = {isa = PBXBuildFile; fileRef = 1552F5A82A042A200004B5A7 /* DishLandscapeCollectionViewCell.swift */; };
		1552F5AB2A042A200004B5A7 /* DishLandscapeCollectionViewCell.xib in Resources */ = {isa = PBXBuildFile; fileRef = 1552F5A92A042A200004B5A7 /* DishLandscapeCollectionViewCell.xib */; };
		1552F5AE2A04B0EA0004B5A7 /* DishDetailViewController.swift in Sources */ = {isa = PBXBuildFile; fileRef = 1552F5AD2A04B0EA0004B5A7 /* DishDetailViewController.swift */; };
		1552F5B02A04B5060004B5A7 /* UIViewController+Extension.swift in Sources */ = {isa = PBXBuildFile; fileRef = 1552F5AF2A04B5060004B5A7 /* UIViewController+Extension.swift */; };
		15AA62632A0044D70016F2E8 /* AppDelegate.swift in Sources */ = {isa = PBXBuildFile; fileRef = 15AA62622A0044D70016F2E8 /* AppDelegate.swift */; };
		15AA62652A0044D70016F2E8 /* SceneDelegate.swift in Sources */ = {isa = PBXBuildFile; fileRef = 15AA62642A0044D70016F2E8 /* SceneDelegate.swift */; };
		15AA626A2A0044D70016F2E8 /* Main.storyboard in Resources */ = {isa = PBXBuildFile; fileRef = 15AA62682A0044D70016F2E8 /* Main.storyboard */; };
		15AA626C2A0044D90016F2E8 /* Assets.xcassets in Resources */ = {isa = PBXBuildFile; fileRef = 15AA626B2A0044D90016F2E8 /* Assets.xcassets */; };
		15AA626F2A0044D90016F2E8 /* LaunchScreen.storyboard in Resources */ = {isa = PBXBuildFile; fileRef = 15AA626D2A0044D90016F2E8 /* LaunchScreen.storyboard */; };
		15AA627B2A015F360016F2E8 /* OnboardingViewController.swift in Sources */ = {isa = PBXBuildFile; fileRef = 15AA627A2A015F360016F2E8 /* OnboardingViewController.swift */; };
		15AA627E2A01666F0016F2E8 /* UIView+Extension.swift in Sources */ = {isa = PBXBuildFile; fileRef = 15AA627D2A01666F0016F2E8 /* UIView+Extension.swift */; };
		15AA62802A0168E70016F2E8 /* OnboardingSlide.swift in Sources */ = {isa = PBXBuildFile; fileRef = 15AA627F2A0168E70016F2E8 /* OnboardingSlide.swift */; };
		15AA62822A017BF50016F2E8 /* OnboardingCollectionViewCell.swift in Sources */ = {isa = PBXBuildFile; fileRef = 15AA62812A017BF50016F2E8 /* OnboardingCollectionViewCell.swift */; };
		15C006A42A03F067003C4571 /* DishPortreitCollectionViewCell.swift in Sources */ = {isa = PBXBuildFile; fileRef = 15C006A22A03F067003C4571 /* DishPortreitCollectionViewCell.swift */; };
		15C006A52A03F067003C4571 /* DishPortreitCollectionViewCell.xib in Resources */ = {isa = PBXBuildFile; fileRef = 15C006A32A03F067003C4571 /* DishPortreitCollectionViewCell.xib */; };
		15C006A72A03F6F8003C4571 /* Dish.swift in Sources */ = {isa = PBXBuildFile; fileRef = 15C006A62A03F6F8003C4571 /* Dish.swift */; };
		7D834E507D9E802EECF10DB7 /* Pods_So_Tasty.framework in Frameworks */ = {isa = PBXBuildFile; fileRef = D5A2B2987D47FB7CA0EE7155 /* Pods_So_Tasty.framework */; };
/* End PBXBuildFile section */

/* Begin PBXFileReference section */
		151491792A07EA3500782D84 /* DishListTableViewCell.swift */ = {isa = PBXFileReference; lastKnownFileType = sourcecode.swift; path = DishListTableViewCell.swift; sourceTree = "<group>"; };
		1514917A2A07EA3500782D84 /* DishListTableViewCell.xib */ = {isa = PBXFileReference; lastKnownFileType = file.xib; path = DishListTableViewCell.xib; sourceTree = "<group>"; };
		1514917E2A07F0D000782D84 /* ListDishesViewController.swift */ = {isa = PBXFileReference; lastKnownFileType = sourcecode.swift; path = ListDishesViewController.swift; sourceTree = "<group>"; };
		151491812A094C1600782D84 /* ListOrdersViewController.swift */ = {isa = PBXFileReference; lastKnownFileType = sourcecode.swift; path = ListOrdersViewController.swift; sourceTree = "<group>"; };
		151491832A094EF400782D84 /* Order.swift */ = {isa = PBXFileReference; lastKnownFileType = sourcecode.swift; path = Order.swift; sourceTree = "<group>"; };
		151491862A0963F600782D84 /* NetworkManager.swift */ = {isa = PBXFileReference; lastKnownFileType = sourcecode.swift; path = NetworkManager.swift; sourceTree = "<group>"; };
		151491882A0965CB00782D84 /* Route.swift */ = {isa = PBXFileReference; lastKnownFileType = sourcecode.swift; path = Route.swift; sourceTree = "<group>"; };
		1514918A2A0967B800782D84 /* Method.swift */ = {isa = PBXFileReference; lastKnownFileType = sourcecode.swift; path = Method.swift; sourceTree = "<group>"; };
		1514918C2A09F75B00782D84 /* AppError.swift */ = {isa = PBXFileReference; lastKnownFileType = sourcecode.swift; path = AppError.swift; sourceTree = "<group>"; };
		1514918E2A0C169400782D84 /* ApiResponse.swift */ = {isa = PBXFileReference; lastKnownFileType = sourcecode.swift; path = ApiResponse.swift; sourceTree = "<group>"; };
		15489BE92A02078900AE1031 /* HomeViewController.swift */ = {isa = PBXFileReference; lastKnownFileType = sourcecode.swift; path = HomeViewController.swift; sourceTree = "<group>"; };
		15489BEC2A02105400AE1031 /* CategoryCollectionViewCell.swift */ = {isa = PBXFileReference; lastKnownFileType = sourcecode.swift; path = CategoryCollectionViewCell.swift; sourceTree = "<group>"; };
		15489BED2A02105400AE1031 /* CategoryCollectionViewCell.xib */ = {isa = PBXFileReference; lastKnownFileType = file.xib; path = CategoryCollectionViewCell.xib; sourceTree = "<group>"; };
		15489BF02A02178D00AE1031 /* DishСategory.swift */ = {isa = PBXFileReference; lastKnownFileType = sourcecode.swift; path = "DishСategory.swift"; sourceTree = "<group>"; };
		15489BF22A0263E900AE1031 /* String+Extension.swift */ = {isa = PBXFileReference; lastKnownFileType = sourcecode.swift; path = "String+Extension.swift"; sourceTree = "<group>"; };
		15489BF52A02BA1000AE1031 /* CardView.swift */ = {isa = PBXFileReference; lastKnownFileType = sourcecode.swift; path = CardView.swift; sourceTree = "<group>"; };
		1552F5A82A042A200004B5A7 /* DishLandscapeCollectionViewCell.swift */ = {isa = PBXFileReference; lastKnownFileType = sourcecode.swift; path = DishLandscapeCollectionViewCell.swift; sourceTree = "<group>"; };
		1552F5A92A042A200004B5A7 /* DishLandscapeCollectionViewCell.xib */ = {isa = PBXFileReference; lastKnownFileType = file.xib; path = DishLandscapeCollectionViewCell.xib; sourceTree = "<group>"; };
		1552F5AD2A04B0EA0004B5A7 /* DishDetailViewController.swift */ = {isa = PBXFileReference; lastKnownFileType = sourcecode.swift; path = DishDetailViewController.swift; sourceTree = "<group>"; };
		1552F5AF2A04B5060004B5A7 /* UIViewController+Extension.swift */ = {isa = PBXFileReference; lastKnownFileType = sourcecode.swift; path = "UIViewController+Extension.swift"; sourceTree = "<group>"; };
		15AA625F2A0044D70016F2E8 /* So_Tasty.app */ = {isa = PBXFileReference; explicitFileType = wrapper.application; includeInIndex = 0; path = So_Tasty.app; sourceTree = BUILT_PRODUCTS_DIR; };
		15AA62622A0044D70016F2E8 /* AppDelegate.swift */ = {isa = PBXFileReference; lastKnownFileType = sourcecode.swift; path = AppDelegate.swift; sourceTree = "<group>"; };
		15AA62642A0044D70016F2E8 /* SceneDelegate.swift */ = {isa = PBXFileReference; lastKnownFileType = sourcecode.swift; path = SceneDelegate.swift; sourceTree = "<group>"; };
		15AA62692A0044D70016F2E8 /* Base */ = {isa = PBXFileReference; lastKnownFileType = file.storyboard; name = Base; path = Base.lproj/Main.storyboard; sourceTree = "<group>"; };
		15AA626B2A0044D90016F2E8 /* Assets.xcassets */ = {isa = PBXFileReference; lastKnownFileType = folder.assetcatalog; path = Assets.xcassets; sourceTree = "<group>"; };
		15AA626E2A0044D90016F2E8 /* Base */ = {isa = PBXFileReference; lastKnownFileType = file.storyboard; name = Base; path = Base.lproj/LaunchScreen.storyboard; sourceTree = "<group>"; };
		15AA62702A0044D90016F2E8 /* Info.plist */ = {isa = PBXFileReference; lastKnownFileType = text.plist.xml; path = Info.plist; sourceTree = "<group>"; };
		15AA627A2A015F360016F2E8 /* OnboardingViewController.swift */ = {isa = PBXFileReference; lastKnownFileType = sourcecode.swift; path = OnboardingViewController.swift; sourceTree = "<group>"; };
		15AA627D2A01666F0016F2E8 /* UIView+Extension.swift */ = {isa = PBXFileReference; lastKnownFileType = sourcecode.swift; path = "UIView+Extension.swift"; sourceTree = "<group>"; };
		15AA627F2A0168E70016F2E8 /* OnboardingSlide.swift */ = {isa = PBXFileReference; lastKnownFileType = sourcecode.swift; path = OnboardingSlide.swift; sourceTree = "<group>"; };
		15AA62812A017BF50016F2E8 /* OnboardingCollectionViewCell.swift */ = {isa = PBXFileReference; lastKnownFileType = sourcecode.swift; path = OnboardingCollectionViewCell.swift; sourceTree = "<group>"; };
		15C006A22A03F067003C4571 /* DishPortreitCollectionViewCell.swift */ = {isa = PBXFileReference; lastKnownFileType = sourcecode.swift; path = DishPortreitCollectionViewCell.swift; sourceTree = "<group>"; };
		15C006A32A03F067003C4571 /* DishPortreitCollectionViewCell.xib */ = {isa = PBXFileReference; lastKnownFileType = file.xib; path = DishPortreitCollectionViewCell.xib; sourceTree = "<group>"; };
		15C006A62A03F6F8003C4571 /* Dish.swift */ = {isa = PBXFileReference; lastKnownFileType = sourcecode.swift; path = Dish.swift; sourceTree = "<group>"; };
		3D0B7BA8FA92EBDA3F556D04 /* Pods-So_Tasty.debug.xcconfig */ = {isa = PBXFileReference; includeInIndex = 1; lastKnownFileType = text.xcconfig; name = "Pods-So_Tasty.debug.xcconfig"; path = "Target Support Files/Pods-So_Tasty/Pods-So_Tasty.debug.xcconfig"; sourceTree = "<group>"; };
		D1473819A014158C2FA89545 /* Pods-So_Tasty.release.xcconfig */ = {isa = PBXFileReference; includeInIndex = 1; lastKnownFileType = text.xcconfig; name = "Pods-So_Tasty.release.xcconfig"; path = "Target Support Files/Pods-So_Tasty/Pods-So_Tasty.release.xcconfig"; sourceTree = "<group>"; };
		D5A2B2987D47FB7CA0EE7155 /* Pods_So_Tasty.framework */ = {isa = PBXFileReference; explicitFileType = wrapper.framework; includeInIndex = 0; path = Pods_So_Tasty.framework; sourceTree = BUILT_PRODUCTS_DIR; };
/* End PBXFileReference section */

/* Begin PBXFrameworksBuildPhase section */
		15AA625C2A0044D70016F2E8 /* Frameworks */ = {
			isa = PBXFrameworksBuildPhase;
			buildActionMask = 2147483647;
			files = (
				7D834E507D9E802EECF10DB7 /* Pods_So_Tasty.framework in Frameworks */,
			);
			runOnlyForDeploymentPostprocessing = 0;
		};
/* End PBXFrameworksBuildPhase section */

/* Begin PBXGroup section */
		151491782A07E9BF00782D84 /* DishListTableviewCells */ = {
			isa = PBXGroup;
			children = (
				151491792A07EA3500782D84 /* DishListTableViewCell.swift */,
				1514917A2A07EA3500782D84 /* DishListTableViewCell.xib */,
			);
			path = DishListTableviewCells;
			sourceTree = "<group>";
		};
		1514917D2A07F09500782D84 /* ListDishes */ = {
			isa = PBXGroup;
			children = (
				1514917E2A07F0D000782D84 /* ListDishesViewController.swift */,
			);
			path = ListDishes;
			sourceTree = "<group>";
		};
		151491802A094B9400782D84 /* ListOrders */ = {
			isa = PBXGroup;
			children = (
				151491812A094C1600782D84 /* ListOrdersViewController.swift */,
			);
			path = ListOrders;
			sourceTree = "<group>";
		};
		151491852A0963BF00782D84 /* Networking */ = {
			isa = PBXGroup;
			children = (
				151491862A0963F600782D84 /* NetworkManager.swift */,
				151491882A0965CB00782D84 /* Route.swift */,
				1514918A2A0967B800782D84 /* Method.swift */,
				1514918C2A09F75B00782D84 /* AppError.swift */,
				1514918E2A0C169400782D84 /* ApiResponse.swift */,
			);
			path = Networking;
			sourceTree = "<group>";
		};
		15489BE82A02075F00AE1031 /* Home */ = {
			isa = PBXGroup;
			children = (
				15489BE92A02078900AE1031 /* HomeViewController.swift */,
			);
			path = Home;
			sourceTree = "<group>";
		};
		15489BEB2A020FF800AE1031 /* CategoryCollectionViewCell */ = {
			isa = PBXGroup;
			children = (
				15489BEC2A02105400AE1031 /* CategoryCollectionViewCell.swift */,
				15489BED2A02105400AE1031 /* CategoryCollectionViewCell.xib */,
			);
			path = CategoryCollectionViewCell;
			sourceTree = "<group>";
		};
		15489BF42A02B9B000AE1031 /* CardView */ = {
			isa = PBXGroup;
			children = (
				15489BF52A02BA1000AE1031 /* CardView.swift */,
			);
			path = CardView;
			sourceTree = "<group>";
		};
		1552F5A72A0429D20004B5A7 /* DishLandscapeCollectionViewCell */ = {
			isa = PBXGroup;
			children = (
				1552F5A82A042A200004B5A7 /* DishLandscapeCollectionViewCell.swift */,
				1552F5A92A042A200004B5A7 /* DishLandscapeCollectionViewCell.xib */,
			);
			path = DishLandscapeCollectionViewCell;
			sourceTree = "<group>";
		};
		1552F5AC2A04B0620004B5A7 /* DishDetail */ = {
			isa = PBXGroup;
			children = (
				1552F5AD2A04B0EA0004B5A7 /* DishDetailViewController.swift */,
			);
			path = DishDetail;
			sourceTree = "<group>";
		};
		15AA62562A0044D70016F2E8 = {
			isa = PBXGroup;
			children = (
				15AA62612A0044D70016F2E8 /* So_Tasty */,
				15AA62602A0044D70016F2E8 /* Products */,
				262886DBD876064EF8C60689 /* Pods */,
				B30FEA3AFB4085CE49518D14 /* Frameworks */,
			);
			sourceTree = "<group>";
		};
		15AA62602A0044D70016F2E8 /* Products */ = {
			isa = PBXGroup;
			children = (
				15AA625F2A0044D70016F2E8 /* So_Tasty.app */,
			);
			name = Products;
			sourceTree = "<group>";
		};
		15AA62612A0044D70016F2E8 /* So_Tasty */ = {
			isa = PBXGroup;
			children = (
				151491852A0963BF00782D84 /* Networking */,
				15AA627C2A0165900016F2E8 /* Extansions */,
				15AA62782A015EE60016F2E8 /* CustomViews */,
				15AA62762A015EC20016F2E8 /* Views */,
				15AA62772A015ED10016F2E8 /* Models */,
				15AA62622A0044D70016F2E8 /* AppDelegate.swift */,
				15AA62642A0044D70016F2E8 /* SceneDelegate.swift */,
				15AA62682A0044D70016F2E8 /* Main.storyboard */,
				15AA626B2A0044D90016F2E8 /* Assets.xcassets */,
				15AA626D2A0044D90016F2E8 /* LaunchScreen.storyboard */,
				15AA62702A0044D90016F2E8 /* Info.plist */,
			);
			path = So_Tasty;
			sourceTree = "<group>";
		};
		15AA62762A015EC20016F2E8 /* Views */ = {
			isa = PBXGroup;
			children = (
				151491802A094B9400782D84 /* ListOrders */,
				1514917D2A07F09500782D84 /* ListDishes */,
				1552F5AC2A04B0620004B5A7 /* DishDetail */,
				15489BE82A02075F00AE1031 /* Home */,
				15AA62792A015EFD0016F2E8 /* Onboarding */,
			);
			path = Views;
			sourceTree = "<group>";
		};
		15AA62772A015ED10016F2E8 /* Models */ = {
			isa = PBXGroup;
			children = (
				15AA627F2A0168E70016F2E8 /* OnboardingSlide.swift */,
				15489BF02A02178D00AE1031 /* DishСategory.swift */,
				15C006A62A03F6F8003C4571 /* Dish.swift */,
				151491832A094EF400782D84 /* Order.swift */,
			);
			path = Models;
			sourceTree = "<group>";
		};
		15AA62782A015EE60016F2E8 /* CustomViews */ = {
			isa = PBXGroup;
			children = (
				151491782A07E9BF00782D84 /* DishListTableviewCells */,
				15489BF42A02B9B000AE1031 /* CardView */,
				15489BEB2A020FF800AE1031 /* CategoryCollectionViewCell */,
				15C006A12A03EFC4003C4571 /* DishPortraitCollectionViewCell */,
				1552F5A72A0429D20004B5A7 /* DishLandscapeCollectionViewCell */,
			);
			path = CustomViews;
			sourceTree = "<group>";
		};
		15AA62792A015EFD0016F2E8 /* Onboarding */ = {
			isa = PBXGroup;
			children = (
				15AA62812A017BF50016F2E8 /* OnboardingCollectionViewCell.swift */,
				15AA627A2A015F360016F2E8 /* OnboardingViewController.swift */,
			);
			path = Onboarding;
			sourceTree = "<group>";
		};
		15AA627C2A0165900016F2E8 /* Extansions */ = {
			isa = PBXGroup;
			children = (
				15AA627D2A01666F0016F2E8 /* UIView+Extension.swift */,
				15489BF22A0263E900AE1031 /* String+Extension.swift */,
				1552F5AF2A04B5060004B5A7 /* UIViewController+Extension.swift */,
			);
			path = Extansions;
			sourceTree = "<group>";
		};
		15C006A12A03EFC4003C4571 /* DishPortraitCollectionViewCell */ = {
			isa = PBXGroup;
			children = (
				15C006A22A03F067003C4571 /* DishPortreitCollectionViewCell.swift */,
				15C006A32A03F067003C4571 /* DishPortreitCollectionViewCell.xib */,
			);
			path = DishPortraitCollectionViewCell;
			sourceTree = "<group>";
		};
		262886DBD876064EF8C60689 /* Pods */ = {
			isa = PBXGroup;
			children = (
				3D0B7BA8FA92EBDA3F556D04 /* Pods-So_Tasty.debug.xcconfig */,
				D1473819A014158C2FA89545 /* Pods-So_Tasty.release.xcconfig */,
			);
			path = Pods;
			sourceTree = "<group>";
		};
		B30FEA3AFB4085CE49518D14 /* Frameworks */ = {
			isa = PBXGroup;
			children = (
				D5A2B2987D47FB7CA0EE7155 /* Pods_So_Tasty.framework */,
			);
			name = Frameworks;
			sourceTree = "<group>";
		};
/* End PBXGroup section */

/* Begin PBXNativeTarget section */
		15AA625E2A0044D70016F2E8 /* So_Tasty */ = {
			isa = PBXNativeTarget;
			buildConfigurationList = 15AA62732A0044D90016F2E8 /* Build configuration list for PBXNativeTarget "So_Tasty" */;
			buildPhases = (
				5F7B5D467DE13A777AF136CD /* [CP] Check Pods Manifest.lock */,
				15AA625B2A0044D70016F2E8 /* Sources */,
				15AA625C2A0044D70016F2E8 /* Frameworks */,
				15AA625D2A0044D70016F2E8 /* Resources */,
				3C1624FD13A7DFC4C150FA50 /* [CP] Embed Pods Frameworks */,
			);
			buildRules = (
			);
			dependencies = (
			);
			name = So_Tasty;
			productName = So_Tasty;
			productReference = 15AA625F2A0044D70016F2E8 /* So_Tasty.app */;
			productType = "com.apple.product-type.application";
		};
/* End PBXNativeTarget section */

/* Begin PBXProject section */
		15AA62572A0044D70016F2E8 /* Project object */ = {
			isa = PBXProject;
			attributes = {
				BuildIndependentTargetsInParallel = 1;
				LastSwiftUpdateCheck = 1420;
				LastUpgradeCheck = 1420;
				TargetAttributes = {
					15AA625E2A0044D70016F2E8 = {
						CreatedOnToolsVersion = 14.2;
					};
				};
			};
			buildConfigurationList = 15AA625A2A0044D70016F2E8 /* Build configuration list for PBXProject "So_Tasty" */;
			compatibilityVersion = "Xcode 14.0";
			developmentRegion = en;
			hasScannedForEncodings = 0;
			knownRegions = (
				en,
				Base,
			);
			mainGroup = 15AA62562A0044D70016F2E8;
			productRefGroup = 15AA62602A0044D70016F2E8 /* Products */;
			projectDirPath = "";
			projectRoot = "";
			targets = (
				15AA625E2A0044D70016F2E8 /* So_Tasty */,
			);
		};
/* End PBXProject section */

/* Begin PBXResourcesBuildPhase section */
		15AA625D2A0044D70016F2E8 /* Resources */ = {
			isa = PBXResourcesBuildPhase;
			buildActionMask = 2147483647;
			files = (
				15489BEF2A02105400AE1031 /* CategoryCollectionViewCell.xib in Resources */,
				1514917C2A07EA3500782D84 /* DishListTableViewCell.xib in Resources */,
				15AA626F2A0044D90016F2E8 /* LaunchScreen.storyboard in Resources */,
				15C006A52A03F067003C4571 /* DishPortreitCollectionViewCell.xib in Resources */,
				15AA626C2A0044D90016F2E8 /* Assets.xcassets in Resources */,
				1552F5AB2A042A200004B5A7 /* DishLandscapeCollectionViewCell.xib in Resources */,
				15AA626A2A0044D70016F2E8 /* Main.storyboard in Resources */,
			);
			runOnlyForDeploymentPostprocessing = 0;
		};
/* End PBXResourcesBuildPhase section */

/* Begin PBXShellScriptBuildPhase section */
		3C1624FD13A7DFC4C150FA50 /* [CP] Embed Pods Frameworks */ = {
			isa = PBXShellScriptBuildPhase;
			buildActionMask = 2147483647;
			files = (
			);
			inputFileListPaths = (
				"${PODS_ROOT}/Target Support Files/Pods-So_Tasty/Pods-So_Tasty-frameworks-${CONFIGURATION}-input-files.xcfilelist",
			);
			name = "[CP] Embed Pods Frameworks";
			outputFileListPaths = (
				"${PODS_ROOT}/Target Support Files/Pods-So_Tasty/Pods-So_Tasty-frameworks-${CONFIGURATION}-output-files.xcfilelist",
			);
			runOnlyForDeploymentPostprocessing = 0;
			shellPath = /bin/sh;
			shellScript = "\"${PODS_ROOT}/Target Support Files/Pods-So_Tasty/Pods-So_Tasty-frameworks.sh\"\n";
			showEnvVarsInLog = 0;
		};
		5F7B5D467DE13A777AF136CD /* [CP] Check Pods Manifest.lock */ = {
			isa = PBXShellScriptBuildPhase;
			buildActionMask = 2147483647;
			files = (
			);
			inputFileListPaths = (
			);
			inputPaths = (
				"${PODS_PODFILE_DIR_PATH}/Podfile.lock",
				"${PODS_ROOT}/Manifest.lock",
			);
			name = "[CP] Check Pods Manifest.lock";
			outputFileListPaths = (
			);
			outputPaths = (
				"$(DERIVED_FILE_DIR)/Pods-So_Tasty-checkManifestLockResult.txt",
			);
			runOnlyForDeploymentPostprocessing = 0;
			shellPath = /bin/sh;
			shellScript = "diff \"${PODS_PODFILE_DIR_PATH}/Podfile.lock\" \"${PODS_ROOT}/Manifest.lock\" > /dev/null\nif [ $? != 0 ] ; then\n    # print error to STDERR\n    echo \"error: The sandbox is not in sync with the Podfile.lock. Run 'pod install' or update your CocoaPods installation.\" >&2\n    exit 1\nfi\n# This output is used by Xcode 'outputs' to avoid re-running this script phase.\necho \"SUCCESS\" > \"${SCRIPT_OUTPUT_FILE_0}\"\n";
			showEnvVarsInLog = 0;
		};
/* End PBXShellScriptBuildPhase section */

/* Begin PBXSourcesBuildPhase section */
		15AA625B2A0044D70016F2E8 /* Sources */ = {
			isa = PBXSourcesBuildPhase;
			buildActionMask = 2147483647;
			files = (
				1514917B2A07EA3500782D84 /* DishListTableViewCell.swift in Sources */,
				151491822A094C1600782D84 /* ListOrdersViewController.swift in Sources */,
				151491842A094EF400782D84 /* Order.swift in Sources */,
				151491872A0963F600782D84 /* NetworkManager.swift in Sources */,
				1552F5B02A04B5060004B5A7 /* UIViewController+Extension.swift in Sources */,
				15489BEE2A02105400AE1031 /* CategoryCollectionViewCell.swift in Sources */,
				15AA62802A0168E70016F2E8 /* OnboardingSlide.swift in Sources */,
				15AA62632A0044D70016F2E8 /* AppDelegate.swift in Sources */,
				1514918B2A0967B800782D84 /* Method.swift in Sources */,
				15AA62652A0044D70016F2E8 /* SceneDelegate.swift in Sources */,
				15AA627E2A01666F0016F2E8 /* UIView+Extension.swift in Sources */,
				15AA627B2A015F360016F2E8 /* OnboardingViewController.swift in Sources */,
				1552F5AE2A04B0EA0004B5A7 /* DishDetailViewController.swift in Sources */,
				1514918F2A0C169400782D84 /* ApiResponse.swift in Sources */,
				15489BEA2A02078900AE1031 /* HomeViewController.swift in Sources */,
				151491892A0965CB00782D84 /* Route.swift in Sources */,
				15489BF12A02178D00AE1031 /* DishСategory.swift in Sources */,
				1552F5AA2A042A200004B5A7 /* DishLandscapeCollectionViewCell.swift in Sources */,
				15489BF32A0263E900AE1031 /* String+Extension.swift in Sources */,
				15489BF62A02BA1000AE1031 /* CardView.swift in Sources */,
				1514917F2A07F0D000782D84 /* ListDishesViewController.swift in Sources */,
				1514918D2A09F75B00782D84 /* AppError.swift in Sources */,
				15AA62822A017BF50016F2E8 /* OnboardingCollectionViewCell.swift in Sources */,
				15C006A72A03F6F8003C4571 /* Dish.swift in Sources */,
				15C006A42A03F067003C4571 /* DishPortreitCollectionViewCell.swift in Sources */,
			);
			runOnlyForDeploymentPostprocessing = 0;
		};
/* End PBXSourcesBuildPhase section */

/* Begin PBXVariantGroup section */
		15AA62682A0044D70016F2E8 /* Main.storyboard */ = {
			isa = PBXVariantGroup;
			children = (
				15AA62692A0044D70016F2E8 /* Base */,
			);
			name = Main.storyboard;
			sourceTree = "<group>";
		};
		15AA626D2A0044D90016F2E8 /* LaunchScreen.storyboard */ = {
			isa = PBXVariantGroup;
			children = (
				15AA626E2A0044D90016F2E8 /* Base */,
			);
			name = LaunchScreen.storyboard;
			sourceTree = "<group>";
		};
/* End PBXVariantGroup section */

/* Begin XCBuildConfiguration section */
		15AA62712A0044D90016F2E8 /* Debug */ = {
			isa = XCBuildConfiguration;
			buildSettings = {
				ALWAYS_SEARCH_USER_PATHS = NO;
				CLANG_ANALYZER_NONNULL = YES;
				CLANG_ANALYZER_NUMBER_OBJECT_CONVERSION = YES_AGGRESSIVE;
				CLANG_CXX_LANGUAGE_STANDARD = "gnu++20";
				CLANG_ENABLE_MODULES = YES;
				CLANG_ENABLE_OBJC_ARC = YES;
				CLANG_ENABLE_OBJC_WEAK = YES;
				CLANG_WARN_BLOCK_CAPTURE_AUTORELEASING = YES;
				CLANG_WARN_BOOL_CONVERSION = YES;
				CLANG_WARN_COMMA = YES;
				CLANG_WARN_CONSTANT_CONVERSION = YES;
				CLANG_WARN_DEPRECATED_OBJC_IMPLEMENTATIONS = YES;
				CLANG_WARN_DIRECT_OBJC_ISA_USAGE = YES_ERROR;
				CLANG_WARN_DOCUMENTATION_COMMENTS = YES;
				CLANG_WARN_EMPTY_BODY = YES;
				CLANG_WARN_ENUM_CONVERSION = YES;
				CLANG_WARN_INFINITE_RECURSION = YES;
				CLANG_WARN_INT_CONVERSION = YES;
				CLANG_WARN_NON_LITERAL_NULL_CONVERSION = YES;
				CLANG_WARN_OBJC_IMPLICIT_RETAIN_SELF = YES;
				CLANG_WARN_OBJC_LITERAL_CONVERSION = YES;
				CLANG_WARN_OBJC_ROOT_CLASS = YES_ERROR;
				CLANG_WARN_QUOTED_INCLUDE_IN_FRAMEWORK_HEADER = YES;
				CLANG_WARN_RANGE_LOOP_ANALYSIS = YES;
				CLANG_WARN_STRICT_PROTOTYPES = YES;
				CLANG_WARN_SUSPICIOUS_MOVE = YES;
				CLANG_WARN_UNGUARDED_AVAILABILITY = YES_AGGRESSIVE;
				CLANG_WARN_UNREACHABLE_CODE = YES;
				CLANG_WARN__DUPLICATE_METHOD_MATCH = YES;
				COPY_PHASE_STRIP = NO;
				DEBUG_INFORMATION_FORMAT = dwarf;
				ENABLE_STRICT_OBJC_MSGSEND = YES;
				ENABLE_TESTABILITY = YES;
				GCC_C_LANGUAGE_STANDARD = gnu11;
				GCC_DYNAMIC_NO_PIC = NO;
				GCC_NO_COMMON_BLOCKS = YES;
				GCC_OPTIMIZATION_LEVEL = 0;
				GCC_PREPROCESSOR_DEFINITIONS = (
					"DEBUG=1",
					"$(inherited)",
				);
				GCC_WARN_64_TO_32_BIT_CONVERSION = YES;
				GCC_WARN_ABOUT_RETURN_TYPE = YES_ERROR;
				GCC_WARN_UNDECLARED_SELECTOR = YES;
				GCC_WARN_UNINITIALIZED_AUTOS = YES_AGGRESSIVE;
				GCC_WARN_UNUSED_FUNCTION = YES;
				GCC_WARN_UNUSED_VARIABLE = YES;
				IPHONEOS_DEPLOYMENT_TARGET = 16.2;
				MTL_ENABLE_DEBUG_INFO = INCLUDE_SOURCE;
				MTL_FAST_MATH = YES;
				ONLY_ACTIVE_ARCH = YES;
				SDKROOT = iphoneos;
				SWIFT_ACTIVE_COMPILATION_CONDITIONS = DEBUG;
				SWIFT_OPTIMIZATION_LEVEL = "-Onone";
			};
			name = Debug;
		};
		15AA62722A0044D90016F2E8 /* Release */ = {
			isa = XCBuildConfiguration;
			buildSettings = {
				ALWAYS_SEARCH_USER_PATHS = NO;
				CLANG_ANALYZER_NONNULL = YES;
				CLANG_ANALYZER_NUMBER_OBJECT_CONVERSION = YES_AGGRESSIVE;
				CLANG_CXX_LANGUAGE_STANDARD = "gnu++20";
				CLANG_ENABLE_MODULES = YES;
				CLANG_ENABLE_OBJC_ARC = YES;
				CLANG_ENABLE_OBJC_WEAK = YES;
				CLANG_WARN_BLOCK_CAPTURE_AUTORELEASING = YES;
				CLANG_WARN_BOOL_CONVERSION = YES;
				CLANG_WARN_COMMA = YES;
				CLANG_WARN_CONSTANT_CONVERSION = YES;
				CLANG_WARN_DEPRECATED_OBJC_IMPLEMENTATIONS = YES;
				CLANG_WARN_DIRECT_OBJC_ISA_USAGE = YES_ERROR;
				CLANG_WARN_DOCUMENTATION_COMMENTS = YES;
				CLANG_WARN_EMPTY_BODY = YES;
				CLANG_WARN_ENUM_CONVERSION = YES;
				CLANG_WARN_INFINITE_RECURSION = YES;
				CLANG_WARN_INT_CONVERSION = YES;
				CLANG_WARN_NON_LITERAL_NULL_CONVERSION = YES;
				CLANG_WARN_OBJC_IMPLICIT_RETAIN_SELF = YES;
				CLANG_WARN_OBJC_LITERAL_CONVERSION = YES;
				CLANG_WARN_OBJC_ROOT_CLASS = YES_ERROR;
				CLANG_WARN_QUOTED_INCLUDE_IN_FRAMEWORK_HEADER = YES;
				CLANG_WARN_RANGE_LOOP_ANALYSIS = YES;
				CLANG_WARN_STRICT_PROTOTYPES = YES;
				CLANG_WARN_SUSPICIOUS_MOVE = YES;
				CLANG_WARN_UNGUARDED_AVAILABILITY = YES_AGGRESSIVE;
				CLANG_WARN_UNREACHABLE_CODE = YES;
				CLANG_WARN__DUPLICATE_METHOD_MATCH = YES;
				COPY_PHASE_STRIP = NO;
				DEBUG_INFORMATION_FORMAT = "dwarf-with-dsym";
				ENABLE_NS_ASSERTIONS = NO;
				ENABLE_STRICT_OBJC_MSGSEND = YES;
				GCC_C_LANGUAGE_STANDARD = gnu11;
				GCC_NO_COMMON_BLOCKS = YES;
				GCC_WARN_64_TO_32_BIT_CONVERSION = YES;
				GCC_WARN_ABOUT_RETURN_TYPE = YES_ERROR;
				GCC_WARN_UNDECLARED_SELECTOR = YES;
				GCC_WARN_UNINITIALIZED_AUTOS = YES_AGGRESSIVE;
				GCC_WARN_UNUSED_FUNCTION = YES;
				GCC_WARN_UNUSED_VARIABLE = YES;
				IPHONEOS_DEPLOYMENT_TARGET = 16.2;
				MTL_ENABLE_DEBUG_INFO = NO;
				MTL_FAST_MATH = YES;
				SDKROOT = iphoneos;
				SWIFT_COMPILATION_MODE = wholemodule;
				SWIFT_OPTIMIZATION_LEVEL = "-O";
				VALIDATE_PRODUCT = YES;
			};
			name = Release;
		};
		15AA62742A0044D90016F2E8 /* Debug */ = {
			isa = XCBuildConfiguration;
			baseConfigurationReference = 3D0B7BA8FA92EBDA3F556D04 /* Pods-So_Tasty.debug.xcconfig */;
			buildSettings = {
				ASSETCATALOG_COMPILER_APPICON_NAME = AppIcon;
				ASSETCATALOG_COMPILER_GLOBAL_ACCENT_COLOR_NAME = AccentColor;
				CODE_SIGN_STYLE = Automatic;
				CURRENT_PROJECT_VERSION = 1;
				GENERATE_INFOPLIST_FILE = YES;
				INFOPLIST_FILE = So_Tasty/Info.plist;
				INFOPLIST_KEY_UIApplicationSupportsIndirectInputEvents = YES;
				INFOPLIST_KEY_UILaunchStoryboardName = LaunchScreen;
				INFOPLIST_KEY_UIMainStoryboardFile = Main;
				INFOPLIST_KEY_UISupportedInterfaceOrientations_iPad = "UIInterfaceOrientationPortrait UIInterfaceOrientationPortraitUpsideDown UIInterfaceOrientationLandscapeLeft UIInterfaceOrientationLandscapeRight";
				INFOPLIST_KEY_UISupportedInterfaceOrientations_iPhone = "UIInterfaceOrientationPortrait UIInterfaceOrientationLandscapeLeft UIInterfaceOrientationLandscapeRight";
				IPHONEOS_DEPLOYMENT_TARGET = 14.0;
				LD_RUNPATH_SEARCH_PATHS = (
					"$(inherited)",
					"@executable_path/Frameworks",
				);
				MARKETING_VERSION = 1.0;
				PRODUCT_BUNDLE_IDENTIFIER = "com.antony.So-Tasty";
				PRODUCT_NAME = "$(TARGET_NAME)";
				SWIFT_EMIT_LOC_STRINGS = YES;
				SWIFT_VERSION = 5.0;
				TARGETED_DEVICE_FAMILY = "1,2";
			};
			name = Debug;
		};
		15AA62752A0044D90016F2E8 /* Release */ = {
			isa = XCBuildConfiguration;
			baseConfigurationReference = D1473819A014158C2FA89545 /* Pods-So_Tasty.release.xcconfig */;
			buildSettings = {
				ASSETCATALOG_COMPILER_APPICON_NAME = AppIcon;
				ASSETCATALOG_COMPILER_GLOBAL_ACCENT_COLOR_NAME = AccentColor;
				CODE_SIGN_STYLE = Automatic;
				CURRENT_PROJECT_VERSION = 1;
				GENERATE_INFOPLIST_FILE = YES;
				INFOPLIST_FILE = So_Tasty/Info.plist;
				INFOPLIST_KEY_UIApplicationSupportsIndirectInputEvents = YES;
				INFOPLIST_KEY_UILaunchStoryboardName = LaunchScreen;
				INFOPLIST_KEY_UIMainStoryboardFile = Main;
				INFOPLIST_KEY_UISupportedInterfaceOrientations_iPad = "UIInterfaceOrientationPortrait UIInterfaceOrientationPortraitUpsideDown UIInterfaceOrientationLandscapeLeft UIInterfaceOrientationLandscapeRight";
				INFOPLIST_KEY_UISupportedInterfaceOrientations_iPhone = "UIInterfaceOrientationPortrait UIInterfaceOrientationLandscapeLeft UIInterfaceOrientationLandscapeRight";
				IPHONEOS_DEPLOYMENT_TARGET = 14.0;
				LD_RUNPATH_SEARCH_PATHS = (
					"$(inherited)",
					"@executable_path/Frameworks",
				);
				MARKETING_VERSION = 1.0;
				PRODUCT_BUNDLE_IDENTIFIER = "com.antony.So-Tasty";
				PRODUCT_NAME = "$(TARGET_NAME)";
				SWIFT_EMIT_LOC_STRINGS = YES;
				SWIFT_VERSION = 5.0;
				TARGETED_DEVICE_FAMILY = "1,2";
			};
			name = Release;
		};
/* End XCBuildConfiguration section */

/* Begin XCConfigurationList section */
		15AA625A2A0044D70016F2E8 /* Build configuration list for PBXProject "So_Tasty" */ = {
			isa = XCConfigurationList;
			buildConfigurations = (
				15AA62712A0044D90016F2E8 /* Debug */,
				15AA62722A0044D90016F2E8 /* Release */,
			);
			defaultConfigurationIsVisible = 0;
			defaultConfigurationName = Release;
		};
		15AA62732A0044D90016F2E8 /* Build configuration list for PBXNativeTarget "So_Tasty" */ = {
			isa = XCConfigurationList;
			buildConfigurations = (
				15AA62742A0044D90016F2E8 /* Debug */,
				15AA62752A0044D90016F2E8 /* Release */,
			);
			defaultConfigurationIsVisible = 0;
			defaultConfigurationName = Release;
		};
/* End XCConfigurationList section */
	};
	rootObject = 15AA62572A0044D70016F2E8 /* Project object */;
}
